
Microsoft Visual Studio Solution File, Format Version 12.00
# Visual Studio Version 17
VisualStudioVersion = 17.5.33516.290
MinimumVisualStudioVersion = 10.0.40219.1
Project("{FAE04EC0-301F-11D3-BF4B-00C04F79EFBC}") = "INTEX_3-11", "INTEX_3-11.csproj", "{F1C80FFF-CA0D-4B09-9112-BDBB9F26F24B}"
EndProject
Global
	GlobalSection(SolutionConfigurationPlatforms) = preSolution
		Debug|Any CPU = Debug|Any CPU
		Release|Any CPU = Release|Any CPU
	EndGlobalSection
	GlobalSection(ProjectConfigurationPlatforms) = postSolution
		{F1C80FFF-CA0D-4B09-9112-BDBB9F26F24B}.Debug|Any CPU.ActiveCfg = Debug|Any CPU
		{F1C80FFF-CA0D-4B09-9112-BDBB9F26F24B}.Debug|Any CPU.Build.0 = Debug|Any CPU
		{F1C80FFF-CA0D-4B09-9112-BDBB9F26F24B}.Release|Any CPU.ActiveCfg = Release|Any CPU
		{F1C80FFF-CA0D-4B09-9112-BDBB9F26F24B}.Release|Any CPU.Build.0 = Release|Any CPU
	EndGlobalSection
	GlobalSection(SolutionProperties) = preSolution
		HideSolutionNode = FALSE
	EndGlobalSection
	GlobalSection(ExtensibilityGlobals) = postSolution
		SolutionGuid = {ABEFCC53-6ABB-44F3-A5FC-71741BE295EF}
	EndGlobalSection
EndGlobal
